
Microsoft Visual Studio Solution File, Format Version 11.00
# Visual Studio 2010
Project("{8BC9CEB8-8B4A-11D0-8D11-00A0C91BC942}") = "SDebugger", "SDebugger\SDebugger.vcxproj", "{02D898D6-6492-4044-89CE-91843665BD3B}"
EndProject
Project("{8BC9CEB8-8B4A-11D0-8D11-00A0C91BC942}") = "DebugTest", "DebugTest\DebugTest.vcxproj", "{92B31EE5-CAE8-45E1-952A-69754166DDAF}"
EndProject
Global
	GlobalSection(SolutionConfigurationPlatforms) = preSolution
		Debug|Win32 = Debug|Win32
		Release|Win32 = Release|Win32
	EndGlobalSection
	GlobalSection(ProjectConfigurationPlatforms) = postSolution
		{02D898D6-6492-4044-89CE-91843665BD3B}.Debug|Win32.ActiveCfg = Debug|Win32
		{02D898D6-6492-4044-89CE-91843665BD3B}.Debug|Win32.Build.0 = Debug|Win32
		{02D898D6-6492-4044-89CE-91843665BD3B}.Release|Win32.ActiveCfg = Release|Win32
		{02D898D6-6492-4044-89CE-91843665BD3B}.Release|Win32.Build.0 = Release|Win32
		{92B31EE5-CAE8-45E1-952A-69754166DDAF}.Debug|Win32.ActiveCfg = Debug|Win32
		{92B31EE5-CAE8-45E1-952A-69754166DDAF}.Debug|Win32.Build.0 = Debug|Win32
		{92B31EE5-CAE8-45E1-952A-69754166DDAF}.Release|Win32.ActiveCfg = Release|Win32
		{92B31EE5-CAE8-45E1-952A-69754166DDAF}.Release|Win32.Build.0 = Release|Win32
	EndGlobalSection
	GlobalSection(SolutionProperties) = preSolution
		HideSolutionNode = FALSE
	EndGlobalSection
EndGlobal
